
Microsoft Visual Studio Solution File, Format Version 12.00
# Visual Studio 2012
Project("{FAE04EC0-301F-11D3-BF4B-00C04F79EFBC}") = "Atomic", "Atomic\Atomic.csproj", "{DA5F270E-0A55-461F-B975-2D4C56599F3E}"
EndProject
Global
	GlobalSection(SolutionConfigurationPlatforms) = preSolution
		Debug|Any CPU = Debug|Any CPU
		Release|Any CPU = Release|Any CPU
	EndGlobalSection
	GlobalSection(ProjectConfigurationPlatforms) = postSolution
		{DA5F270E-0A55-461F-B975-2D4C56599F3E}.Debug|Any CPU.ActiveCfg = Debug|Any CPU
		{DA5F270E-0A55-461F-B975-2D4C56599F3E}.Debug|Any CPU.Build.0 = Debug|Any CPU
		{DA5F270E-0A55-461F-B975-2D4C56599F3E}.Release|Any CPU.ActiveCfg = Release|Any CPU
		{DA5F270E-0A55-461F-B975-2D4C56599F3E}.Release|Any CPU.Build.0 = Release|Any CPU
	EndGlobalSection
	GlobalSection(SolutionProperties) = preSolution
		HideSolutionNode = FALSE
	EndGlobalSection
EndGlobal
