Microsoft Visual Studio Solution File, Format Version 12.00
# Visual Studio 2013
VisualStudioVersion = 12.0.31101.0
MinimumVisualStudioVersion = 10.0.40219.1
Project("{FAE04EC0-301F-11D3-BF4B-00C04F79EFBC}") = "Atomic.Net", "Atomic.Net\Atomic.Net.csproj", "{DA5F270E-0A55-461F-B975-2D4C56599F3E}"
EndProject
Project("{FAE04EC0-301F-11D3-BF4B-00C04F79EFBC}") = "AtomicWeb", "AtomicWeb\AtomicWeb.csproj", "{44E40934-99C4-40F5-ACBF-4613EF82A428}"
	ProjectSection(ProjectDependencies) = postProject
		{DA5F270E-0A55-461F-B975-2D4C56599F3E} = {DA5F270E-0A55-461F-B975-2D4C56599F3E}
	EndProjectSection
EndProject
Project("{FAE04EC0-301F-11D3-BF4B-00C04F79EFBC}") = "Atomic.Net.Tests", "Atomic.Net.Tests\Atomic.Net.Tests.csproj", "{1BE4659A-7831-48F1-BD92-45D93160E6C2}"
EndProject
Project("{2150E333-8FDC-42A3-9474-1A3956D46DE8}") = "Solution Items", "Solution Items", "{720F0941-7C18-4B81-A3E9-1245A10E13A4}"
EndProject
Project("{FAE04EC0-301F-11D3-BF4B-00C04F79EFBC}") = "AtomicJS", "AtomicJS\AtomicJS.csproj", "{45E40558-5703-4CE0-91A7-801CF280E20F}"
EndProject
Global
	GlobalSection(SolutionConfigurationPlatforms) = preSolution
		Debug|Any CPU = Debug|Any CPU
		Release|Any CPU = Release|Any CPU
	EndGlobalSection
	GlobalSection(ProjectConfigurationPlatforms) = postSolution
		{DA5F270E-0A55-461F-B975-2D4C56599F3E}.Debug|Any CPU.ActiveCfg = Debug|Any CPU
		{DA5F270E-0A55-461F-B975-2D4C56599F3E}.Debug|Any CPU.Build.0 = Debug|Any CPU
		{DA5F270E-0A55-461F-B975-2D4C56599F3E}.Release|Any CPU.ActiveCfg = Release|Any CPU
		{DA5F270E-0A55-461F-B975-2D4C56599F3E}.Release|Any CPU.Build.0 = Release|Any CPU
		{44E40934-99C4-40F5-ACBF-4613EF82A428}.Debug|Any CPU.ActiveCfg = Debug|Any CPU
		{44E40934-99C4-40F5-ACBF-4613EF82A428}.Debug|Any CPU.Build.0 = Debug|Any CPU
		{44E40934-99C4-40F5-ACBF-4613EF82A428}.Release|Any CPU.ActiveCfg = Release|Any CPU
		{44E40934-99C4-40F5-ACBF-4613EF82A428}.Release|Any CPU.Build.0 = Release|Any CPU
		{1BE4659A-7831-48F1-BD92-45D93160E6C2}.Debug|Any CPU.ActiveCfg = Debug|Any CPU
		{1BE4659A-7831-48F1-BD92-45D93160E6C2}.Debug|Any CPU.Build.0 = Debug|Any CPU
		{1BE4659A-7831-48F1-BD92-45D93160E6C2}.Release|Any CPU.ActiveCfg = Release|Any CPU
		{1BE4659A-7831-48F1-BD92-45D93160E6C2}.Release|Any CPU.Build.0 = Release|Any CPU
		{45E40558-5703-4CE0-91A7-801CF280E20F}.Debug|Any CPU.ActiveCfg = Debug|Any CPU
		{45E40558-5703-4CE0-91A7-801CF280E20F}.Debug|Any CPU.Build.0 = Debug|Any CPU
		{45E40558-5703-4CE0-91A7-801CF280E20F}.Release|Any CPU.ActiveCfg = Release|Any CPU
		{45E40558-5703-4CE0-91A7-801CF280E20F}.Release|Any CPU.Build.0 = Release|Any CPU
	EndGlobalSection
	GlobalSection(SolutionProperties) = preSolution
		HideSolutionNode = FALSE
	EndGlobalSection
	GlobalSection(MonoDevelopProperties) = preSolution
		StartupItem = AtomicWeb\AtomicWeb.csproj
	EndGlobalSection
EndGlobal
